GEM
  remote: http://rubygems.org/
  specs:
    POpen4 (0.1.4)
      Platform (>= 0.4.0)
      open4
    Platform (0.4.0)
    RedCloth (4.3.4)
    addressable (2.8.6)
      public_suffix (>= 2.0.2, < 6.0)
    base64 (0.2.0)
    coderay (1.1.3)
    curb (1.0.5)
    curb-fu (0.6.2)
      curb (>= 0.5.4.0)
      rack-test (>= 0.2.0)
    faraday (2.8.1)
      base64
      faraday-net_http (>= 2.0, < 3.1)
      ruby2_keywords (>= 0.0.4)
    faraday-net_http (3.0.2)
    ferret (0.11.8.5)
    google-protobuf (3.25.3)
    haml (5.2.2)
      temple (>= 0.8.0)
      tilt
    haml-contrib (1.0.0.1)
      haml (>= 3.2.0.alpha.13)
    htmlcompressor (0.0.7)
      yui-compressor (~> 0.9.6)
    jwt (2.8.1)
      base64
    kgio (2.11.4)
    method_source (1.0.0)
    mime-types (1.23)
    mini_portile2 (2.8.5)
    multi_json (1.15.0)
    mustermann (3.0.0)
      ruby2_keywords (~> 0.0.1)
    nesta (0.15.0)
      RedCloth (~> 4.2)
      haml (>= 3.1, < 6.0)
      haml-contrib (>= 1.0)
      rack (~> 2)
      rake
      rdiscount (~> 2.1)
      sass-embedded (~> 1.58)
      sinatra (~> 3.0)
      tilt (~> 2.0)
    nesta-plugin-google-ads (0.0.1)
      nesta (>= 0.9.11)
    nesta-plugin-search (0.0.2)
      ferret (= 0.11.8.5)
    nesta-plugin-sharethis (0.0.2)
      nesta (>= 0.9.11)
    nesta-plugin-smartmeta (0.0.1)
      nesta (>= 0.9.11)
    netdnarws (0.3.4)
      curb-fu
      signet
    newrelic_rpm (3.6.1.87)
    nokogiri (1.15.6)
      mini_portile2 (~> 2.8.2)
      racc (~> 1.4)
    open4 (1.3.0)
    plist (3.1.0)
    pry (0.14.2)
      coderay (~> 1.1)
      method_source (~> 1.0)
    pry-doc (1.5.0)
      pry (~> 0.11)
      yard (~> 0.9.11)
    public_suffix (5.0.5)
    racc (1.7.3)
    rack (2.2.9)
    rack-codehighlighter (0.6.0)
      nokogiri (>= 1.4.1)
      rack (>= 2.0.0)
    rack-hard-copy (0.0.3)
      mime-types (>= 1.22)
      rack (>= 1.5.2)
    rack-protection (3.2.0)
      base64 (>= 0.1.0)
      rack (~> 2.2, >= 2.2.4)
    rack-test (2.1.0)
      rack (>= 1.3)
    raindrops (0.20.1)
    rake (10.0.4)
    rdiscount (2.2.7.3)
    ruby2_keywords (0.0.5)
    sass-embedded (1.63.3)
      google-protobuf (~> 3.23)
      rake (>= 10.0.0)
    shotgun (0.9.2)
      rack (>= 1.0)
    signet (0.19.0)
      addressable (~> 2.8)
      faraday (>= 0.17.5, < 3.a)
      jwt (>= 1.5, < 3.0)
      multi_json (~> 1.10)
    sinatra (3.2.0)
      mustermann (~> 3.0)
      rack (~> 2.2, >= 2.2.4)
      rack-protection (= 3.2.0)
      tilt (~> 2.0)
    temple (0.10.3)
    textpow (1.3.1)
      plist (>= 3.0.1)
    tilt (2.3.0)
    ultraviolet (1.0.0)
      textpow (>= 1.3.0)
    unicorn (6.1.0)
      kgio (~> 2.6)
      raindrops (~> 0.7)
    yard (0.9.36)
    yui-compressor (0.9.6)
      POpen4 (>= 0.1.4)

PLATFORMS
  ruby

DEPENDENCIES
  ferret
  htmlcompressor
  mime-types
  nesta (>= 0.12.0)
  nesta-plugin-google-ads
  nesta-plugin-search
  nesta-plugin-sharethis
  nesta-plugin-smartmeta
  netdnarws (>= 0.3.0)
  newrelic_rpm
  pry
  pry-doc (>= 0.4.6)
  rack-codehighlighter (>= 0.5.1)
  rack-hard-copy
  rack-test (>= 0.6.3)
  rake
  shotgun (>= 0.9.1)
  ultraviolet
  unicorn (>= 4.6.3)

BUNDLED WITH
   2.1.4
